
Microsoft Visual Studio Solution File, Format Version 12.00
# Visual Studio 2013
VisualStudioVersion = 12.0.31101.0
MinimumVisualStudioVersion = 10.0.40219.1
Project("{2150E333-8FDC-42A3-9474-1A3956D46DE8}") = ".paket", ".paket", "{EA4713C6-32D5-4BE2-B764-978858792290}"
	ProjectSection(SolutionItems) = preProject
		paket.dependencies = paket.dependencies
	EndProjectSection
EndProject
Project("{FAE04EC0-301F-11D3-BF4B-00C04F79EFBC}") = "TapParser", "tap\TapParser.csproj", "{3FC5430C-6F7B-4E3C-8623-397CEA26CFD9}"
EndProject
Project("{FAE04EC0-301F-11D3-BF4B-00C04F79EFBC}") = "TapParserTests", "TapParserTests\TapParserTests.csproj", "{960C8DFF-9ECE-454C-BEA8-634AF80183FD}"
EndProject
Global
	GlobalSection(SolutionConfigurationPlatforms) = preSolution
		Debug|Any CPU = Debug|Any CPU
		Release|Any CPU = Release|Any CPU
	EndGlobalSection
	GlobalSection(ProjectConfigurationPlatforms) = postSolution
		{3FC5430C-6F7B-4E3C-8623-397CEA26CFD9}.Debug|Any CPU.ActiveCfg = Debug|Any CPU
		{3FC5430C-6F7B-4E3C-8623-397CEA26CFD9}.Debug|Any CPU.Build.0 = Debug|Any CPU
		{3FC5430C-6F7B-4E3C-8623-397CEA26CFD9}.Release|Any CPU.ActiveCfg = Release|Any CPU
		{3FC5430C-6F7B-4E3C-8623-397CEA26CFD9}.Release|Any CPU.Build.0 = Release|Any CPU
		{960C8DFF-9ECE-454C-BEA8-634AF80183FD}.Debug|Any CPU.ActiveCfg = Debug|Any CPU
		{960C8DFF-9ECE-454C-BEA8-634AF80183FD}.Debug|Any CPU.Build.0 = Debug|Any CPU
		{960C8DFF-9ECE-454C-BEA8-634AF80183FD}.Release|Any CPU.ActiveCfg = Release|Any CPU
		{960C8DFF-9ECE-454C-BEA8-634AF80183FD}.Release|Any CPU.Build.0 = Release|Any CPU
	EndGlobalSection
	GlobalSection(SolutionProperties) = preSolution
		HideSolutionNode = FALSE
	EndGlobalSection
EndGlobal
